{
  "version": 4,
  "terraform_version": "1.8.5",
  "serial": 84,
  "lineage": "d884b339-a805-98ca-3e3a-b1bef27ea629",
  "outputs": {},
  "resources": [
    {
      "mode": "managed",
      "type": "aws_ecr_repository",
      "name": "uber_clone",
      "provider": "provider[\"registry.terraform.io/hashicorp/aws\"]",
      "instances": [
        {
          "schema_version": 0,
          "attributes": {
            "arn": "arn:aws:ecr:us-east-1:867344447145:repository/uber-clone-repo",
            "encryption_configuration": [
              {
                "encryption_type": "AES256",
                "kms_key": ""
              }
            ],
            "force_delete": null,
            "id": "uber-clone-repo",
            "image_scanning_configuration": [
              {
                "scan_on_push": true
              }
            ],
            "image_tag_mutability": "MUTABLE",
            "name": "uber-clone-repo",
            "registry_id": "867344447145",
            "repository_url": "867344447145.dkr.ecr.us-east-1.amazonaws.com/uber-clone-repo",
            "tags": {
              "Name": "Uber Clone ECR"
            },
            "tags_all": {
              "Name": "Uber Clone ECR"
            },
            "timeouts": null
          },
          "sensitive_attributes": [],
          "private": "eyJlMmJmYjczMC1lY2FhLTExZTYtOGY4OC0zNDM2M2JjN2M0YzAiOnsiZGVsZXRlIjoxMjAwMDAwMDAwMDAwfX0="
        }
      ]
    }
  ],
  "check_results": null
}
